// !$*UTF8*$!
{
	archiveVersion = 1;
	classes = {
	};
	objectVersion = 77;
	objects = {

/* Begin PBXBuildFile section */
		610965632D9140B500C1FAFF /* Kingfisher in Frameworks */ = {isa = PBXBuildFile; productRef = 610965622D9140B500C1FAFF /* Kingfisher */; };
		6122F2D92D944C90007700FB /* AbilitiesCell.swift in Sources */ = {isa = PBXBuildFile; fileRef = 6122F2D72D944C90007700FB /* AbilitiesCell.swift */; };
		6122F2DA2D944C90007700FB /* AbilitiesCell.xib in Resources */ = {isa = PBXBuildFile; fileRef = 6122F2D82D944C90007700FB /* AbilitiesCell.xib */; };
		6122F2DD2D954408007700FB /* DataManager.swift in Sources */ = {isa = PBXBuildFile; fileRef = 6122F2DC2D954408007700FB /* DataManager.swift */; };
		6122F2E22D95844B007700FB /* CellStates.swift in Sources */ = {isa = PBXBuildFile; fileRef = 6122F2E12D95844B007700FB /* CellStates.swift */; };
		6122F2E52D95C1B6007700FB /* DetailScreen.storyboard in Resources */ = {isa = PBXBuildFile; fileRef = 6122F2E42D95C1B6007700FB /* DetailScreen.storyboard */; };
		615F23ED2D9ABA7100D0956B /* OtherImagesCell.xib in Resources */ = {isa = PBXBuildFile; fileRef = 615F23EC2D9ABA7100D0956B /* OtherImagesCell.xib */; };
		615F23EE2D9ABA7100D0956B /* OtherImagesCell.swift in Sources */ = {isa = PBXBuildFile; fileRef = 615F23EB2D9ABA7100D0956B /* OtherImagesCell.swift */; };
		61CF51FF2D93DDF6005B54BE /* AppDelegate.swift in Sources */ = {isa = PBXBuildFile; fileRef = 61CF51F52D93DDF6005B54BE /* AppDelegate.swift */; };
		61CF52002D93DDF6005B54BE /* SceneDelegate.swift in Sources */ = {isa = PBXBuildFile; fileRef = 61CF51F82D93DDF6005B54BE /* SceneDelegate.swift */; };
		61CF52032D93DDF6005B54BE /* Assets.xcassets in Resources */ = {isa = PBXBuildFile; fileRef = 61CF51F62D93DDF6005B54BE /* Assets.xcassets */; };
		61CF52242D943512005B54BE /* PokeModel.swift in Sources */ = {isa = PBXBuildFile; fileRef = 61CF52122D943512005B54BE /* PokeModel.swift */; };
		61CF52252D943512005B54BE /* PokeAPI.swift in Sources */ = {isa = PBXBuildFile; fileRef = 61CF52142D943512005B54BE /* PokeAPI.swift */; };
		61CF52262D943512005B54BE /* PokemonListCell.swift in Sources */ = {isa = PBXBuildFile; fileRef = 61CF521F2D943512005B54BE /* PokemonListCell.swift */; };
		61CF52272D943512005B54BE /* DetailScreenViewController.swift in Sources */ = {isa = PBXBuildFile; fileRef = 61CF52212D943512005B54BE /* DetailScreenViewController.swift */; };
		61CF52282D943512005B54BE /* ViewController.swift in Sources */ = {isa = PBXBuildFile; fileRef = 61CF52222D943512005B54BE /* ViewController.swift */; };
		61CF522C2D943512005B54BE /* LaunchScreen.storyboard in Resources */ = {isa = PBXBuildFile; fileRef = 61CF521C2D943512005B54BE /* LaunchScreen.storyboard */; };
		61CF522D2D943512005B54BE /* Main.storyboard in Resources */ = {isa = PBXBuildFile; fileRef = 61CF521E2D943512005B54BE /* Main.storyboard */; };
		61CF52612D944746005B54BE /* ImageDetailCell.swift in Sources */ = {isa = PBXBuildFile; fileRef = 61CF525E2D944746005B54BE /* ImageDetailCell.swift */; };
		61CF52622D944746005B54BE /* ImageDetailCell.xib in Resources */ = {isa = PBXBuildFile; fileRef = 61CF525F2D944746005B54BE /* ImageDetailCell.xib */; };
/* End PBXBuildFile section */

/* Begin PBXFileReference section */
		6122F2D72D944C90007700FB /* AbilitiesCell.swift */ = {isa = PBXFileReference; lastKnownFileType = sourcecode.swift; path = AbilitiesCell.swift; sourceTree = "<group>"; };
		6122F2D82D944C90007700FB /* AbilitiesCell.xib */ = {isa = PBXFileReference; lastKnownFileType = file.xib; path = AbilitiesCell.xib; sourceTree = "<group>"; };
		6122F2DC2D954408007700FB /* DataManager.swift */ = {isa = PBXFileReference; lastKnownFileType = sourcecode.swift; path = DataManager.swift; sourceTree = "<group>"; };
		6122F2E12D95844B007700FB /* CellStates.swift */ = {isa = PBXFileReference; lastKnownFileType = sourcecode.swift; path = CellStates.swift; sourceTree = "<group>"; };
		6122F2E42D95C1B6007700FB /* DetailScreen.storyboard */ = {isa = PBXFileReference; lastKnownFileType = file.storyboard; path = DetailScreen.storyboard; sourceTree = "<group>"; };
		615F23EB2D9ABA7100D0956B /* OtherImagesCell.swift */ = {isa = PBXFileReference; lastKnownFileType = sourcecode.swift; path = OtherImagesCell.swift; sourceTree = "<group>"; };
		615F23EC2D9ABA7100D0956B /* OtherImagesCell.xib */ = {isa = PBXFileReference; lastKnownFileType = file.xib; path = OtherImagesCell.xib; sourceTree = "<group>"; };
		617A3ABF2D8C04D800C5FD6A /* Pokedex-Swift.app */ = {isa = PBXFileReference; explicitFileType = wrapper.application; includeInIndex = 0; path = "Pokedex-Swift.app"; sourceTree = BUILT_PRODUCTS_DIR; };
		61CF51F52D93DDF6005B54BE /* AppDelegate.swift */ = {isa = PBXFileReference; lastKnownFileType = sourcecode.swift; path = AppDelegate.swift; sourceTree = "<group>"; };
		61CF51F62D93DDF6005B54BE /* Assets.xcassets */ = {isa = PBXFileReference; lastKnownFileType = folder.assetcatalog; path = Assets.xcassets; sourceTree = "<group>"; };
		61CF51F72D93DDF6005B54BE /* Info.plist */ = {isa = PBXFileReference; lastKnownFileType = text.plist.xml; path = Info.plist; sourceTree = "<group>"; };
		61CF51F82D93DDF6005B54BE /* SceneDelegate.swift */ = {isa = PBXFileReference; lastKnownFileType = sourcecode.swift; path = SceneDelegate.swift; sourceTree = "<group>"; };
		61CF52122D943512005B54BE /* PokeModel.swift */ = {isa = PBXFileReference; lastKnownFileType = sourcecode.swift; path = PokeModel.swift; sourceTree = "<group>"; };
		61CF52142D943512005B54BE /* PokeAPI.swift */ = {isa = PBXFileReference; lastKnownFileType = sourcecode.swift; path = PokeAPI.swift; sourceTree = "<group>"; };
		61CF521B2D943512005B54BE /* LaunchScreen.storyboard */ = {isa = PBXFileReference; lastKnownFileType = file.storyboard; name = LaunchScreen.storyboard; path = Base.lproj/LaunchScreen.storyboard; sourceTree = "<group>"; };
		61CF521D2D943512005B54BE /* Main.storyboard */ = {isa = PBXFileReference; lastKnownFileType = file.storyboard; name = Main.storyboard; path = Base.lproj/Main.storyboard; sourceTree = "<group>"; };
		61CF521F2D943512005B54BE /* PokemonListCell.swift */ = {isa = PBXFileReference; lastKnownFileType = sourcecode.swift; path = PokemonListCell.swift; sourceTree = "<group>"; };
		61CF52212D943512005B54BE /* DetailScreenViewController.swift */ = {isa = PBXFileReference; lastKnownFileType = sourcecode.swift; path = DetailScreenViewController.swift; sourceTree = "<group>"; };
		61CF52222D943512005B54BE /* ViewController.swift */ = {isa = PBXFileReference; lastKnownFileType = sourcecode.swift; path = ViewController.swift; sourceTree = "<group>"; };
		61CF525E2D944746005B54BE /* ImageDetailCell.swift */ = {isa = PBXFileReference; lastKnownFileType = sourcecode.swift; path = ImageDetailCell.swift; sourceTree = "<group>"; };
		61CF525F2D944746005B54BE /* ImageDetailCell.xib */ = {isa = PBXFileReference; lastKnownFileType = file.xib; path = ImageDetailCell.xib; sourceTree = "<group>"; };
/* End PBXFileReference section */

/* Begin PBXFrameworksBuildPhase section */
		617A3ABC2D8C04D800C5FD6A /* Frameworks */ = {
			isa = PBXFrameworksBuildPhase;
			buildActionMask = 2147483647;
			files = (
				610965632D9140B500C1FAFF /* Kingfisher in Frameworks */,
			);
			runOnlyForDeploymentPostprocessing = 0;
		};
/* End PBXFrameworksBuildPhase section */

/* Begin PBXGroup section */
		6122F2D62D944C70007700FB /* AbilitiesCell */ = {
			isa = PBXGroup;
			children = (
				6122F2D72D944C90007700FB /* AbilitiesCell.swift */,
				6122F2D82D944C90007700FB /* AbilitiesCell.xib */,
			);
			path = AbilitiesCell;
			sourceTree = "<group>";
		};
		6122F2DB2D9543F8007700FB /* Managers */ = {
			isa = PBXGroup;
			children = (
				6122F2DC2D954408007700FB /* DataManager.swift */,
			);
			path = Managers;
			sourceTree = "<group>";
		};
		6122F2E02D95843B007700FB /* Helpers */ = {
			isa = PBXGroup;
			children = (
				6122F2E12D95844B007700FB /* CellStates.swift */,
			);
			path = Helpers;
			sourceTree = "<group>";
		};
		6122F2E62D95C1FC007700FB /* Cells */ = {
			isa = PBXGroup;
			children = (
				61CBB35A2D9887B0000CCE85 /* DetailScreenCells */,
				61CBB35B2D9887BC000CCE85 /* MainScreenCells */,
			);
			path = Cells;
			sourceTree = "<group>";
		};
		6122F2EB2D95C292007700FB /* Screens */ = {
			isa = PBXGroup;
			children = (
				61CF521E2D943512005B54BE /* Main.storyboard */,
				6122F2E42D95C1B6007700FB /* DetailScreen.storyboard */,
			);
			path = Screens;
			sourceTree = "<group>";
		};
		617A3AB62D8C04D800C5FD6A = {
			isa = PBXGroup;
			children = (
				61CF52112D943501005B54BE /* Core */,
				617A3AC02D8C04D800C5FD6A /* Products */,
			);
			sourceTree = "<group>";
		};
		617A3AC02D8C04D800C5FD6A /* Products */ = {
			isa = PBXGroup;
			children = (
				617A3ABF2D8C04D800C5FD6A /* Pokedex-Swift.app */,
			);
			name = Products;
			sourceTree = "<group>";
		};
		61CBB35A2D9887B0000CCE85 /* DetailScreenCells */ = {
			isa = PBXGroup;
			children = (
				61CBB35C2D98882D000CCE85 /* OtherImagesCell */,
				6122F2D62D944C70007700FB /* AbilitiesCell */,
				61CF52602D944746005B54BE /* ImageDetailCell */,
			);
			path = DetailScreenCells;
			sourceTree = "<group>";
		};
		61CBB35B2D9887BC000CCE85 /* MainScreenCells */ = {
			isa = PBXGroup;
			children = (
				61CF523F2D943F5C005B54BE /* PokemonListCell */,
			);
			path = MainScreenCells;
			sourceTree = "<group>";
		};
		61CBB35C2D98882D000CCE85 /* OtherImagesCell */ = {
			isa = PBXGroup;
			children = (
				615F23EB2D9ABA7100D0956B /* OtherImagesCell.swift */,
				615F23EC2D9ABA7100D0956B /* OtherImagesCell.xib */,
			);
			path = OtherImagesCell;
			sourceTree = "<group>";
		};
		61CF52112D943501005B54BE /* Core */ = {
			isa = PBXGroup;
			children = (
				6122F2E02D95843B007700FB /* Helpers */,
				6122F2DB2D9543F8007700FB /* Managers */,
				61CF52322D943728005B54BE /* Model */,
				61CF52342D9437C0005B54BE /* View */,
				61CF523B2D9437E8005B54BE /* ViewControllers */,
				61CF52332D943756005B54BE /* Network */,
				61CF521C2D943512005B54BE /* LaunchScreen.storyboard */,
				61CF51F72D93DDF6005B54BE /* Info.plist */,
				61CF51F82D93DDF6005B54BE /* SceneDelegate.swift */,
				61CF51F52D93DDF6005B54BE /* AppDelegate.swift */,
				61CF51F62D93DDF6005B54BE /* Assets.xcassets */,
			);
			path = Core;
			sourceTree = "<group>";
		};
		61CF52322D943728005B54BE /* Model */ = {
			isa = PBXGroup;
			children = (
				61CF52122D943512005B54BE /* PokeModel.swift */,
			);
			path = Model;
			sourceTree = "<group>";
		};
		61CF52332D943756005B54BE /* Network */ = {
			isa = PBXGroup;
			children = (
				61CF52142D943512005B54BE /* PokeAPI.swift */,
			);
			path = Network;
			sourceTree = "<group>";
		};
		61CF52342D9437C0005B54BE /* View */ = {
			isa = PBXGroup;
			children = (
				6122F2E62D95C1FC007700FB /* Cells */,
				6122F2EB2D95C292007700FB /* Screens */,
			);
			path = View;
			sourceTree = "<group>";
		};
		61CF523B2D9437E8005B54BE /* ViewControllers */ = {
			isa = PBXGroup;
			children = (
				61CF52212D943512005B54BE /* DetailScreenViewController.swift */,
				61CF52222D943512005B54BE /* ViewController.swift */,
			);
			path = ViewControllers;
			sourceTree = "<group>";
		};
		61CF523F2D943F5C005B54BE /* PokemonListCell */ = {
			isa = PBXGroup;
			children = (
				61CF521F2D943512005B54BE /* PokemonListCell.swift */,
			);
			path = PokemonListCell;
			sourceTree = "<group>";
		};
		61CF52602D944746005B54BE /* ImageDetailCell */ = {
			isa = PBXGroup;
			children = (
				61CF525E2D944746005B54BE /* ImageDetailCell.swift */,
				61CF525F2D944746005B54BE /* ImageDetailCell.xib */,
			);
			path = ImageDetailCell;
			sourceTree = "<group>";
		};
/* End PBXGroup section */

/* Begin PBXNativeTarget section */
		617A3ABE2D8C04D800C5FD6A /* Pokedex-Swift */ = {
			isa = PBXNativeTarget;
			buildConfigurationList = 617A3AD22D8C04DA00C5FD6A /* Build configuration list for PBXNativeTarget "Pokedex-Swift" */;
			buildPhases = (
				617A3ABB2D8C04D800C5FD6A /* Sources */,
				617A3ABC2D8C04D800C5FD6A /* Frameworks */,
				617A3ABD2D8C04D800C5FD6A /* Resources */,
			);
			buildRules = (
			);
			dependencies = (
			);
			name = "Pokedex-Swift";
			packageProductDependencies = (
				610965622D9140B500C1FAFF /* Kingfisher */,
			);
			productName = "Pokedex-Swift";
			productReference = 617A3ABF2D8C04D800C5FD6A /* Pokedex-Swift.app */;
			productType = "com.apple.product-type.application";
		};
/* End PBXNativeTarget section */

/* Begin PBXProject section */
		617A3AB72D8C04D800C5FD6A /* Project object */ = {
			isa = PBXProject;
			attributes = {
				BuildIndependentTargetsInParallel = 1;
				LastSwiftUpdateCheck = 1620;
				LastUpgradeCheck = 1620;
				TargetAttributes = {
					617A3ABE2D8C04D800C5FD6A = {
						CreatedOnToolsVersion = 16.2;
					};
				};
			};
			buildConfigurationList = 617A3ABA2D8C04D800C5FD6A /* Build configuration list for PBXProject "Pokedex-Swift" */;
			developmentRegion = en;
			hasScannedForEncodings = 0;
			knownRegions = (
				en,
				Base,
			);
			mainGroup = 617A3AB62D8C04D800C5FD6A;
			minimizedProjectReferenceProxies = 1;
			packageReferences = (
				610965612D9140B500C1FAFF /* XCRemoteSwiftPackageReference "Kingfisher" */,
			);
			preferredProjectObjectVersion = 77;
			productRefGroup = 617A3AC02D8C04D800C5FD6A /* Products */;
			projectDirPath = "";
			projectRoot = "";
			targets = (
				617A3ABE2D8C04D800C5FD6A /* Pokedex-Swift */,
			);
		};
/* End PBXProject section */

/* Begin PBXResourcesBuildPhase section */
		617A3ABD2D8C04D800C5FD6A /* Resources */ = {
			isa = PBXResourcesBuildPhase;
			buildActionMask = 2147483647;
			files = (
				61CF522D2D943512005B54BE /* Main.storyboard in Resources */,
				6122F2E52D95C1B6007700FB /* DetailScreen.storyboard in Resources */,
				61CF522C2D943512005B54BE /* LaunchScreen.storyboard in Resources */,
				6122F2DA2D944C90007700FB /* AbilitiesCell.xib in Resources */,
				615F23ED2D9ABA7100D0956B /* OtherImagesCell.xib in Resources */,
				61CF52622D944746005B54BE /* ImageDetailCell.xib in Resources */,
				61CF52032D93DDF6005B54BE /* Assets.xcassets in Resources */,
			);
			runOnlyForDeploymentPostprocessing = 0;
		};
/* End PBXResourcesBuildPhase section */

/* Begin PBXSourcesBuildPhase section */
		617A3ABB2D8C04D800C5FD6A /* Sources */ = {
			isa = PBXSourcesBuildPhase;
			buildActionMask = 2147483647;
			files = (
				61CF52282D943512005B54BE /* ViewController.swift in Sources */,
				6122F2DD2D954408007700FB /* DataManager.swift in Sources */,
				61CF51FF2D93DDF6005B54BE /* AppDelegate.swift in Sources */,
				61CF52002D93DDF6005B54BE /* SceneDelegate.swift in Sources */,
				615F23EE2D9ABA7100D0956B /* OtherImagesCell.swift in Sources */,
				61CF52272D943512005B54BE /* DetailScreenViewController.swift in Sources */,
				61CF52242D943512005B54BE /* PokeModel.swift in Sources */,
				61CF52262D943512005B54BE /* PokemonListCell.swift in Sources */,
				61CF52612D944746005B54BE /* ImageDetailCell.swift in Sources */,
				6122F2E22D95844B007700FB /* CellStates.swift in Sources */,
				6122F2D92D944C90007700FB /* AbilitiesCell.swift in Sources */,
				61CF52252D943512005B54BE /* PokeAPI.swift in Sources */,
			);
			runOnlyForDeploymentPostprocessing = 0;
		};
/* End PBXSourcesBuildPhase section */

/* Begin PBXVariantGroup section */
		61CF521C2D943512005B54BE /* LaunchScreen.storyboard */ = {
			isa = PBXVariantGroup;
			children = (
				61CF521B2D943512005B54BE /* LaunchScreen.storyboard */,
			);
			name = LaunchScreen.storyboard;
			sourceTree = "<group>";
		};
		61CF521E2D943512005B54BE /* Main.storyboard */ = {
			isa = PBXVariantGroup;
			children = (
				61CF521D2D943512005B54BE /* Main.storyboard */,
			);
			name = Main.storyboard;
			sourceTree = "<group>";
		};
/* End PBXVariantGroup section */

/* Begin XCBuildConfiguration section */
		617A3AD32D8C04DA00C5FD6A /* Debug */ = {
			isa = XCBuildConfiguration;
			buildSettings = {
				ASSETCATALOG_COMPILER_APPICON_NAME = AppIcon;
				ASSETCATALOG_COMPILER_GLOBAL_ACCENT_COLOR_NAME = AccentColor;
				CODE_SIGN_STYLE = Automatic;
				CURRENT_PROJECT_VERSION = 1;
				DEVELOPMENT_TEAM = 443MW2J9VW;
				GENERATE_INFOPLIST_FILE = YES;
				INFOPLIST_FILE = Core/Info.plist;
				INFOPLIST_KEY_UIApplicationSupportsIndirectInputEvents = YES;
				INFOPLIST_KEY_UILaunchStoryboardName = LaunchScreen;
				INFOPLIST_KEY_UIMainStoryboardFile = Main;
				INFOPLIST_KEY_UISupportedInterfaceOrientations_iPad = "UIInterfaceOrientationPortrait UIInterfaceOrientationPortraitUpsideDown UIInterfaceOrientationLandscapeLeft UIInterfaceOrientationLandscapeRight";
				INFOPLIST_KEY_UISupportedInterfaceOrientations_iPhone = "UIInterfaceOrientationPortrait UIInterfaceOrientationLandscapeLeft UIInterfaceOrientationLandscapeRight";
				LD_RUNPATH_SEARCH_PATHS = (
					"$(inherited)",
					"@executable_path/Frameworks",
				);
				MARKETING_VERSION = 1.0;
				PRODUCT_BUNDLE_IDENTIFIER = "com.Pokedex-Swift";
				PRODUCT_NAME = "$(TARGET_NAME)";
				SWIFT_EMIT_LOC_STRINGS = YES;
				SWIFT_VERSION = 5.0;
				TARGETED_DEVICE_FAMILY = "1,2";
			};
			name = Debug;
		};
		617A3AD42D8C04DA00C5FD6A /* Release */ = {
			isa = XCBuildConfiguration;
			buildSettings = {
				ASSETCATALOG_COMPILER_APPICON_NAME = AppIcon;
				ASSETCATALOG_COMPILER_GLOBAL_ACCENT_COLOR_NAME = AccentColor;
				CODE_SIGN_STYLE = Automatic;
				CURRENT_PROJECT_VERSION = 1;
				DEVELOPMENT_TEAM = 443MW2J9VW;
				GENERATE_INFOPLIST_FILE = YES;
				INFOPLIST_FILE = Core/Info.plist;
				INFOPLIST_KEY_UIApplicationSupportsIndirectInputEvents = YES;
				INFOPLIST_KEY_UILaunchStoryboardName = LaunchScreen;
				INFOPLIST_KEY_UIMainStoryboardFile = Main;
				INFOPLIST_KEY_UISupportedInterfaceOrientations_iPad = "UIInterfaceOrientationPortrait UIInterfaceOrientationPortraitUpsideDown UIInterfaceOrientationLandscapeLeft UIInterfaceOrientationLandscapeRight";
				INFOPLIST_KEY_UISupportedInterfaceOrientations_iPhone = "UIInterfaceOrientationPortrait UIInterfaceOrientationLandscapeLeft UIInterfaceOrientationLandscapeRight";
				LD_RUNPATH_SEARCH_PATHS = (
					"$(inherited)",
					"@executable_path/Frameworks",
				);
				MARKETING_VERSION = 1.0;
				PRODUCT_BUNDLE_IDENTIFIER = "com.Pokedex-Swift";
				PRODUCT_NAME = "$(TARGET_NAME)";
				SWIFT_EMIT_LOC_STRINGS = YES;
				SWIFT_VERSION = 5.0;
				TARGETED_DEVICE_FAMILY = "1,2";
			};
			name = Release;
		};
		617A3AD52D8C04DA00C5FD6A /* Debug */ = {
			isa = XCBuildConfiguration;
			buildSettings = {
				ALWAYS_SEARCH_USER_PATHS = NO;
				ASSETCATALOG_COMPILER_GENERATE_SWIFT_ASSET_SYMBOL_EXTENSIONS = YES;
				CLANG_ANALYZER_NONNULL = YES;
				CLANG_ANALYZER_NUMBER_OBJECT_CONVERSION = YES_AGGRESSIVE;
				CLANG_CXX_LANGUAGE_STANDARD = "gnu++20";
				CLANG_ENABLE_MODULES = YES;
				CLANG_ENABLE_OBJC_ARC = YES;
				CLANG_ENABLE_OBJC_WEAK = YES;
				CLANG_WARN_BLOCK_CAPTURE_AUTORELEASING = YES;
				CLANG_WARN_BOOL_CONVERSION = YES;
				CLANG_WARN_COMMA = YES;
				CLANG_WARN_CONSTANT_CONVERSION = YES;
				CLANG_WARN_DEPRECATED_OBJC_IMPLEMENTATIONS = YES;
				CLANG_WARN_DIRECT_OBJC_ISA_USAGE = YES_ERROR;
				CLANG_WARN_DOCUMENTATION_COMMENTS = YES;
				CLANG_WARN_EMPTY_BODY = YES;
				CLANG_WARN_ENUM_CONVERSION = YES;
				CLANG_WARN_INFINITE_RECURSION = YES;
				CLANG_WARN_INT_CONVERSION = YES;
				CLANG_WARN_NON_LITERAL_NULL_CONVERSION = YES;
				CLANG_WARN_OBJC_IMPLICIT_RETAIN_SELF = YES;
				CLANG_WARN_OBJC_LITERAL_CONVERSION = YES;
				CLANG_WARN_OBJC_ROOT_CLASS = YES_ERROR;
				CLANG_WARN_QUOTED_INCLUDE_IN_FRAMEWORK_HEADER = YES;
				CLANG_WARN_RANGE_LOOP_ANALYSIS = YES;
				CLANG_WARN_STRICT_PROTOTYPES = YES;
				CLANG_WARN_SUSPICIOUS_MOVE = YES;
				CLANG_WARN_UNGUARDED_AVAILABILITY = YES_AGGRESSIVE;
				CLANG_WARN_UNREACHABLE_CODE = YES;
				CLANG_WARN__DUPLICATE_METHOD_MATCH = YES;
				COPY_PHASE_STRIP = NO;
				DEBUG_INFORMATION_FORMAT = dwarf;
				ENABLE_STRICT_OBJC_MSGSEND = YES;
				ENABLE_TESTABILITY = YES;
				ENABLE_USER_SCRIPT_SANDBOXING = YES;
				GCC_C_LANGUAGE_STANDARD = gnu17;
				GCC_DYNAMIC_NO_PIC = NO;
				GCC_NO_COMMON_BLOCKS = YES;
				GCC_OPTIMIZATION_LEVEL = 0;
				GCC_PREPROCESSOR_DEFINITIONS = (
					"DEBUG=1",
					"$(inherited)",
				);
				GCC_WARN_64_TO_32_BIT_CONVERSION = YES;
				GCC_WARN_ABOUT_RETURN_TYPE = YES_ERROR;
				GCC_WARN_UNDECLARED_SELECTOR = YES;
				GCC_WARN_UNINITIALIZED_AUTOS = YES_AGGRESSIVE;
				GCC_WARN_UNUSED_FUNCTION = YES;
				GCC_WARN_UNUSED_VARIABLE = YES;
				IPHONEOS_DEPLOYMENT_TARGET = 18.2;
				LOCALIZATION_PREFERS_STRING_CATALOGS = YES;
				MTL_ENABLE_DEBUG_INFO = INCLUDE_SOURCE;
				MTL_FAST_MATH = YES;
				ONLY_ACTIVE_ARCH = YES;
				SDKROOT = iphoneos;
				SWIFT_ACTIVE_COMPILATION_CONDITIONS = "DEBUG $(inherited)";
				SWIFT_OPTIMIZATION_LEVEL = "-Onone";
			};
			name = Debug;
		};
		617A3AD62D8C04DA00C5FD6A /* Release */ = {
			isa = XCBuildConfiguration;
			buildSettings = {
				ALWAYS_SEARCH_USER_PATHS = NO;
				ASSETCATALOG_COMPILER_GENERATE_SWIFT_ASSET_SYMBOL_EXTENSIONS = YES;
				CLANG_ANALYZER_NONNULL = YES;
				CLANG_ANALYZER_NUMBER_OBJECT_CONVERSION = YES_AGGRESSIVE;
				CLANG_CXX_LANGUAGE_STANDARD = "gnu++20";
				CLANG_ENABLE_MODULES = YES;
				CLANG_ENABLE_OBJC_ARC = YES;
				CLANG_ENABLE_OBJC_WEAK = YES;
				CLANG_WARN_BLOCK_CAPTURE_AUTORELEASING = YES;
				CLANG_WARN_BOOL_CONVERSION = YES;
				CLANG_WARN_COMMA = YES;
				CLANG_WARN_CONSTANT_CONVERSION = YES;
				CLANG_WARN_DEPRECATED_OBJC_IMPLEMENTATIONS = YES;
				CLANG_WARN_DIRECT_OBJC_ISA_USAGE = YES_ERROR;
				CLANG_WARN_DOCUMENTATION_COMMENTS = YES;
				CLANG_WARN_EMPTY_BODY = YES;
				CLANG_WARN_ENUM_CONVERSION = YES;
				CLANG_WARN_INFINITE_RECURSION = YES;
				CLANG_WARN_INT_CONVERSION = YES;
				CLANG_WARN_NON_LITERAL_NULL_CONVERSION = YES;
				CLANG_WARN_OBJC_IMPLICIT_RETAIN_SELF = YES;
				CLANG_WARN_OBJC_LITERAL_CONVERSION = YES;
				CLANG_WARN_OBJC_ROOT_CLASS = YES_ERROR;
				CLANG_WARN_QUOTED_INCLUDE_IN_FRAMEWORK_HEADER = YES;
				CLANG_WARN_RANGE_LOOP_ANALYSIS = YES;
				CLANG_WARN_STRICT_PROTOTYPES = YES;
				CLANG_WARN_SUSPICIOUS_MOVE = YES;
				CLANG_WARN_UNGUARDED_AVAILABILITY = YES_AGGRESSIVE;
				CLANG_WARN_UNREACHABLE_CODE = YES;
				CLANG_WARN__DUPLICATE_METHOD_MATCH = YES;
				COPY_PHASE_STRIP = NO;
				DEBUG_INFORMATION_FORMAT = "dwarf-with-dsym";
				ENABLE_NS_ASSERTIONS = NO;
				ENABLE_STRICT_OBJC_MSGSEND = YES;
				ENABLE_USER_SCRIPT_SANDBOXING = YES;
				GCC_C_LANGUAGE_STANDARD = gnu17;
				GCC_NO_COMMON_BLOCKS = YES;
				GCC_WARN_64_TO_32_BIT_CONVERSION = YES;
				GCC_WARN_ABOUT_RETURN_TYPE = YES_ERROR;
				GCC_WARN_UNDECLARED_SELECTOR = YES;
				GCC_WARN_UNINITIALIZED_AUTOS = YES_AGGRESSIVE;
				GCC_WARN_UNUSED_FUNCTION = YES;
				GCC_WARN_UNUSED_VARIABLE = YES;
				IPHONEOS_DEPLOYMENT_TARGET = 18.2;
				LOCALIZATION_PREFERS_STRING_CATALOGS = YES;
				MTL_ENABLE_DEBUG_INFO = NO;
				MTL_FAST_MATH = YES;
				SDKROOT = iphoneos;
				SWIFT_COMPILATION_MODE = wholemodule;
				VALIDATE_PRODUCT = YES;
			};
			name = Release;
		};
/* End XCBuildConfiguration section */

/* Begin XCConfigurationList section */
		617A3ABA2D8C04D800C5FD6A /* Build configuration list for PBXProject "Pokedex-Swift" */ = {
			isa = XCConfigurationList;
			buildConfigurations = (
				617A3AD52D8C04DA00C5FD6A /* Debug */,
				617A3AD62D8C04DA00C5FD6A /* Release */,
			);
			defaultConfigurationIsVisible = 0;
			defaultConfigurationName = Release;
		};
		617A3AD22D8C04DA00C5FD6A /* Build configuration list for PBXNativeTarget "Pokedex-Swift" */ = {
			isa = XCConfigurationList;
			buildConfigurations = (
				617A3AD32D8C04DA00C5FD6A /* Debug */,
				617A3AD42D8C04DA00C5FD6A /* Release */,
			);
			defaultConfigurationIsVisible = 0;
			defaultConfigurationName = Release;
		};
/* End XCConfigurationList section */

/* Begin XCRemoteSwiftPackageReference section */
		610965612D9140B500C1FAFF /* XCRemoteSwiftPackageReference "Kingfisher" */ = {
			isa = XCRemoteSwiftPackageReference;
			repositoryURL = "https://github.com/onevcat/Kingfisher.git";
			requirement = {
				kind = upToNextMajorVersion;
				minimumVersion = 8.3.1;
			};
		};
/* End XCRemoteSwiftPackageReference section */

/* Begin XCSwiftPackageProductDependency section */
		610965622D9140B500C1FAFF /* Kingfisher */ = {
			isa = XCSwiftPackageProductDependency;
			package = 610965612D9140B500C1FAFF /* XCRemoteSwiftPackageReference "Kingfisher" */;
			productName = Kingfisher;
		};
/* End XCSwiftPackageProductDependency section */
	};
	rootObject = 617A3AB72D8C04D800C5FD6A /* Project object */;
}
